
Microsoft Visual Studio Solution File, Format Version 12.00
# Visual Studio 2015
Project("{FAE04EC0-301F-11D3-BF4B-00C04F79EFBC}") = "Survival.Plugins", "Survival.Plugins.csproj", "{2D03CA6E-7514-1B0A-75DF-19211A0E1D0D}"
EndProject
Project("{FAE04EC0-301F-11D3-BF4B-00C04F79EFBC}") = "Survival", "Survival.csproj", "{2A54F037-95CA-D57C-03DA-3CD9CF70AF95}"
EndProject
Project("{FAE04EC0-301F-11D3-BF4B-00C04F79EFBC}") = "Survival.Editor", "Survival.Editor.csproj", "{7022A33E-E042-D948-CCC6-11EE5268E982}"
EndProject
Global
	GlobalSection(SolutionConfigurationPlatforms) = preSolution
		Debug|Any CPU = Debug|Any CPU
		Release|Any CPU = Release|Any CPU
	EndGlobalSection
	GlobalSection(ProjectConfigurationPlatforms) = postSolution
		{2D03CA6E-7514-1B0A-75DF-19211A0E1D0D}.Debug|Any CPU.ActiveCfg = Debug|Any CPU
		{2D03CA6E-7514-1B0A-75DF-19211A0E1D0D}.Debug|Any CPU.Build.0 = Debug|Any CPU
		{2D03CA6E-7514-1B0A-75DF-19211A0E1D0D}.Release|Any CPU.ActiveCfg = Release|Any CPU
		{2D03CA6E-7514-1B0A-75DF-19211A0E1D0D}.Release|Any CPU.Build.0 = Release|Any CPU
		{2A54F037-95CA-D57C-03DA-3CD9CF70AF95}.Debug|Any CPU.ActiveCfg = Debug|Any CPU
		{2A54F037-95CA-D57C-03DA-3CD9CF70AF95}.Debug|Any CPU.Build.0 = Debug|Any CPU
		{2A54F037-95CA-D57C-03DA-3CD9CF70AF95}.Release|Any CPU.ActiveCfg = Release|Any CPU
		{2A54F037-95CA-D57C-03DA-3CD9CF70AF95}.Release|Any CPU.Build.0 = Release|Any CPU
		{7022A33E-E042-D948-CCC6-11EE5268E982}.Debug|Any CPU.ActiveCfg = Debug|Any CPU
		{7022A33E-E042-D948-CCC6-11EE5268E982}.Debug|Any CPU.Build.0 = Debug|Any CPU
		{7022A33E-E042-D948-CCC6-11EE5268E982}.Release|Any CPU.ActiveCfg = Release|Any CPU
		{7022A33E-E042-D948-CCC6-11EE5268E982}.Release|Any CPU.Build.0 = Release|Any CPU
	EndGlobalSection
	GlobalSection(SolutionProperties) = preSolution
		HideSolutionNode = FALSE
	EndGlobalSection
EndGlobal
